// !$*UTF8*$!
{
	archiveVersion = 1;
	classes = {
	};
	objectVersion = 46;
	objects = {

/* Begin PBXBuildFile section */
		4C58F61A1DD93107005FA5FA /* imgres.jpg in Resources */ = {isa = PBXBuildFile; fileRef = 4C58F6191DD93107005FA5FA /* imgres.jpg */; };
		4C78BC1E1DFE230C00E5F8D0 /* spot.obj in Resources */ = {isa = PBXBuildFile; fileRef = 4C78BC1D1DFE230C00E5F8D0 /* spot.obj */; };
		4CE2C3F11DFE1B0E0053AC3D /* spot_texture.png in Resources */ = {isa = PBXBuildFile; fileRef = 4CE2C3EF1DFE1B0E0053AC3D /* spot_texture.png */; };
		4CE2C3F21DFE1B0E0053AC3D /* spot_triangulated.obj in Resources */ = {isa = PBXBuildFile; fileRef = 4CE2C3F01DFE1B0E0053AC3D /* spot_triangulated.obj */; };
		8354016D1D972D0E009E193C /* AppDelegate.swift in Sources */ = {isa = PBXBuildFile; fileRef = 8354016C1D972D0E009E193C /* AppDelegate.swift */; };
		8354016F1D972D0E009E193C /* GameViewController.swift in Sources */ = {isa = PBXBuildFile; fileRef = 8354016E1D972D0E009E193C /* GameViewController.swift */; };
		835401711D972D0E009E193C /* Shaders.metal in Sources */ = {isa = PBXBuildFile; fileRef = 835401701D972D0E009E193C /* Shaders.metal */; };
		835401731D972D0E009E193C /* Assets.xcassets in Resources */ = {isa = PBXBuildFile; fileRef = 835401721D972D0E009E193C /* Assets.xcassets */; };
		835401761D972D0E009E193C /* MainMenu.xib in Resources */ = {isa = PBXBuildFile; fileRef = 835401741D972D0E009E193C /* MainMenu.xib */; };
/* End PBXBuildFile section */

/* Begin PBXFileReference section */
		4C58F6191DD93107005FA5FA /* imgres.jpg */ = {isa = PBXFileReference; lastKnownFileType = image.jpeg; path = imgres.jpg; sourceTree = "<group>"; };
		4C78BC1D1DFE230C00E5F8D0 /* spot.obj */ = {isa = PBXFileReference; fileEncoding = 4; lastKnownFileType = text; path = spot.obj; sourceTree = "<group>"; };
		4CE2C3EF1DFE1B0E0053AC3D /* spot_texture.png */ = {isa = PBXFileReference; lastKnownFileType = image.png; path = spot_texture.png; sourceTree = "<group>"; };
		4CE2C3F01DFE1B0E0053AC3D /* spot_triangulated.obj */ = {isa = PBXFileReference; fileEncoding = 4; lastKnownFileType = text; path = spot_triangulated.obj; sourceTree = "<group>"; };
		835401691D972D0E009E193C /* HelloMetal.app */ = {isa = PBXFileReference; explicitFileType = wrapper.application; includeInIndex = 0; path = HelloMetal.app; sourceTree = BUILT_PRODUCTS_DIR; };
		8354016C1D972D0E009E193C /* AppDelegate.swift */ = {isa = PBXFileReference; lastKnownFileType = sourcecode.swift; path = AppDelegate.swift; sourceTree = "<group>"; };
		8354016E1D972D0E009E193C /* GameViewController.swift */ = {isa = PBXFileReference; lastKnownFileType = sourcecode.swift; path = GameViewController.swift; sourceTree = "<group>"; };
		835401701D972D0E009E193C /* Shaders.metal */ = {isa = PBXFileReference; lastKnownFileType = sourcecode.metal; path = Shaders.metal; sourceTree = "<group>"; };
		835401721D972D0E009E193C /* Assets.xcassets */ = {isa = PBXFileReference; lastKnownFileType = folder.assetcatalog; path = Assets.xcassets; sourceTree = "<group>"; };
		835401751D972D0E009E193C /* Base */ = {isa = PBXFileReference; lastKnownFileType = file.xib; name = Base; path = Base.lproj/MainMenu.xib; sourceTree = "<group>"; };
		835401771D972D0E009E193C /* Info.plist */ = {isa = PBXFileReference; lastKnownFileType = text.plist.xml; path = Info.plist; sourceTree = "<group>"; };
/* End PBXFileReference section */

/* Begin PBXFrameworksBuildPhase section */
		835401661D972D0E009E193C /* Frameworks */ = {
			isa = PBXFrameworksBuildPhase;
			buildActionMask = 2147483647;
			files = (
			);
			runOnlyForDeploymentPostprocessing = 0;
		};
/* End PBXFrameworksBuildPhase section */

/* Begin PBXGroup section */
		835401601D972D0E009E193C = {
			isa = PBXGroup;
			children = (
				8354016B1D972D0E009E193C /* HelloMetal */,
				8354016A1D972D0E009E193C /* Products */,
			);
			sourceTree = "<group>";
		};
		8354016A1D972D0E009E193C /* Products */ = {
			isa = PBXGroup;
			children = (
				835401691D972D0E009E193C /* HelloMetal.app */,
			);
			name = Products;
			sourceTree = "<group>";
		};
		8354016B1D972D0E009E193C /* HelloMetal */ = {
			isa = PBXGroup;
			children = (
				4C58F6191DD93107005FA5FA /* imgres.jpg */,
				4C78BC1D1DFE230C00E5F8D0 /* spot.obj */,
				4CE2C3EF1DFE1B0E0053AC3D /* spot_texture.png */,
				4CE2C3F01DFE1B0E0053AC3D /* spot_triangulated.obj */,
				8354016C1D972D0E009E193C /* AppDelegate.swift */,
				8354016E1D972D0E009E193C /* GameViewController.swift */,
				835401701D972D0E009E193C /* Shaders.metal */,
				835401721D972D0E009E193C /* Assets.xcassets */,
				835401741D972D0E009E193C /* MainMenu.xib */,
				835401771D972D0E009E193C /* Info.plist */,
			);
			path = HelloMetal;
			sourceTree = "<group>";
		};
/* End PBXGroup section */

/* Begin PBXNativeTarget section */
		835401681D972D0E009E193C /* HelloMetal */ = {
			isa = PBXNativeTarget;
			buildConfigurationList = 8354017A1D972D0E009E193C /* Build configuration list for PBXNativeTarget "HelloMetal" */;
			buildPhases = (
				835401651D972D0E009E193C /* Sources */,
				835401661D972D0E009E193C /* Frameworks */,
				835401671D972D0E009E193C /* Resources */,
			);
			buildRules = (
			);
			dependencies = (
			);
			name = HelloMetal;
			productName = HelloMetal;
			productReference = 835401691D972D0E009E193C /* HelloMetal.app */;
			productType = "com.apple.product-type.application";
		};
/* End PBXNativeTarget section */

/* Begin PBXProject section */
		835401611D972D0E009E193C /* Project object */ = {
			isa = PBXProject;
			attributes = {
				LastSwiftUpdateCheck = 0800;
				LastUpgradeCheck = 0810;
				ORGANIZATIONNAME = "Warren Moore";
				TargetAttributes = {
					835401681D972D0E009E193C = {
						CreatedOnToolsVersion = 8.0;
						DevelopmentTeam = M4KB9BV65V;
						ProvisioningStyle = Automatic;
					};
				};
			};
			buildConfigurationList = 835401641D972D0E009E193C /* Build configuration list for PBXProject "HelloMetal" */;
			compatibilityVersion = "Xcode 3.2";
			developmentRegion = English;
			hasScannedForEncodings = 0;
			knownRegions = (
				en,
				Base,
			);
			mainGroup = 835401601D972D0E009E193C;
			productRefGroup = 8354016A1D972D0E009E193C /* Products */;
			projectDirPath = "";
			projectRoot = "";
			targets = (
				835401681D972D0E009E193C /* HelloMetal */,
			);
		};
/* End PBXProject section */

/* Begin PBXResourcesBuildPhase section */
		835401671D972D0E009E193C /* Resources */ = {
			isa = PBXResourcesBuildPhase;
			buildActionMask = 2147483647;
			files = (
				835401731D972D0E009E193C /* Assets.xcassets in Resources */,
				4CE2C3F11DFE1B0E0053AC3D /* spot_texture.png in Resources */,
				835401761D972D0E009E193C /* MainMenu.xib in Resources */,
				4C78BC1E1DFE230C00E5F8D0 /* spot.obj in Resources */,
				4CE2C3F21DFE1B0E0053AC3D /* spot_triangulated.obj in Resources */,
				4C58F61A1DD93107005FA5FA /* imgres.jpg in Resources */,
			);
			runOnlyForDeploymentPostprocessing = 0;
		};
/* End PBXResourcesBuildPhase section */

/* Begin PBXSourcesBuildPhase section */
		835401651D972D0E009E193C /* Sources */ = {
			isa = PBXSourcesBuildPhase;
			buildActionMask = 2147483647;
			files = (
				835401711D972D0E009E193C /* Shaders.metal in Sources */,
				8354016F1D972D0E009E193C /* GameViewController.swift in Sources */,
				8354016D1D972D0E009E193C /* AppDelegate.swift in Sources */,
			);
			runOnlyForDeploymentPostprocessing = 0;
		};
/* End PBXSourcesBuildPhase section */

/* Begin PBXVariantGroup section */
		835401741D972D0E009E193C /* MainMenu.xib */ = {
			isa = PBXVariantGroup;
			children = (
				835401751D972D0E009E193C /* Base */,
			);
			name = MainMenu.xib;
			sourceTree = "<group>";
		};
/* End PBXVariantGroup section */

/* Begin XCBuildConfiguration section */
		835401781D972D0E009E193C /* Debug */ = {
			isa = XCBuildConfiguration;
			buildSettings = {
				ALWAYS_SEARCH_USER_PATHS = NO;
				CLANG_ANALYZER_NONNULL = YES;
				CLANG_CXX_LANGUAGE_STANDARD = "gnu++0x";
				CLANG_CXX_LIBRARY = "libc++";
				CLANG_ENABLE_MODULES = YES;
				CLANG_ENABLE_OBJC_ARC = YES;
				CLANG_WARN_BOOL_CONVERSION = YES;
				CLANG_WARN_CONSTANT_CONVERSION = YES;
				CLANG_WARN_DIRECT_OBJC_ISA_USAGE = YES_ERROR;
				CLANG_WARN_DOCUMENTATION_COMMENTS = YES;
				CLANG_WARN_EMPTY_BODY = YES;
				CLANG_WARN_ENUM_CONVERSION = YES;
				CLANG_WARN_INFINITE_RECURSION = YES;
				CLANG_WARN_INT_CONVERSION = YES;
				CLANG_WARN_OBJC_ROOT_CLASS = YES_ERROR;
				CLANG_WARN_SUSPICIOUS_MOVE = YES;
				CLANG_WARN_SUSPICIOUS_MOVES = YES;
				CLANG_WARN_UNREACHABLE_CODE = YES;
				CLANG_WARN__DUPLICATE_METHOD_MATCH = YES;
				CODE_SIGN_IDENTITY = "-";
				COPY_PHASE_STRIP = NO;
				DEBUG_INFORMATION_FORMAT = dwarf;
				ENABLE_STRICT_OBJC_MSGSEND = YES;
				ENABLE_TESTABILITY = YES;
				GCC_C_LANGUAGE_STANDARD = gnu99;
				GCC_DYNAMIC_NO_PIC = NO;
				GCC_NO_COMMON_BLOCKS = YES;
				GCC_OPTIMIZATION_LEVEL = 0;
				GCC_PREPROCESSOR_DEFINITIONS = (
					"DEBUG=1",
					"$(inherited)",
				);
				GCC_WARN_64_TO_32_BIT_CONVERSION = YES;
				GCC_WARN_ABOUT_RETURN_TYPE = YES_ERROR;
				GCC_WARN_UNDECLARED_SELECTOR = YES;
				GCC_WARN_UNINITIALIZED_AUTOS = YES_AGGRESSIVE;
				GCC_WARN_UNUSED_FUNCTION = YES;
				GCC_WARN_UNUSED_VARIABLE = YES;
				MACOSX_DEPLOYMENT_TARGET = 10.12;
				MTL_ENABLE_DEBUG_INFO = YES;
				ONLY_ACTIVE_ARCH = YES;
				SDKROOT = macosx;
				SWIFT_ACTIVE_COMPILATION_CONDITIONS = DEBUG;
				SWIFT_OPTIMIZATION_LEVEL = "-Onone";
			};
			name = Debug;
		};
		835401791D972D0E009E193C /* Release */ = {
			isa = XCBuildConfiguration;
			buildSettings = {
				ALWAYS_SEARCH_USER_PATHS = NO;
				CLANG_ANALYZER_NONNULL = YES;
				CLANG_CXX_LANGUAGE_STANDARD = "gnu++0x";
				CLANG_CXX_LIBRARY = "libc++";
				CLANG_ENABLE_MODULES = YES;
				CLANG_ENABLE_OBJC_ARC = YES;
				CLANG_WARN_BOOL_CONVERSION = YES;
				CLANG_WARN_CONSTANT_CONVERSION = YES;
				CLANG_WARN_DIRECT_OBJC_ISA_USAGE = YES_ERROR;
				CLANG_WARN_DOCUMENTATION_COMMENTS = YES;
				CLANG_WARN_EMPTY_BODY = YES;
				CLANG_WARN_ENUM_CONVERSION = YES;
				CLANG_WARN_INFINITE_RECURSION = YES;
				CLANG_WARN_INT_CONVERSION = YES;
				CLANG_WARN_OBJC_ROOT_CLASS = YES_ERROR;
				CLANG_WARN_SUSPICIOUS_MOVE = YES;
				CLANG_WARN_SUSPICIOUS_MOVES = YES;
				CLANG_WARN_UNREACHABLE_CODE = YES;
				CLANG_WARN__DUPLICATE_METHOD_MATCH = YES;
				CODE_SIGN_IDENTITY = "-";
				COPY_PHASE_STRIP = NO;
				DEBUG_INFORMATION_FORMAT = "dwarf-with-dsym";
				ENABLE_NS_ASSERTIONS = NO;
				ENABLE_STRICT_OBJC_MSGSEND = YES;
				GCC_C_LANGUAGE_STANDARD = gnu99;
				GCC_NO_COMMON_BLOCKS = YES;
				GCC_WARN_64_TO_32_BIT_CONVERSION = YES;
				GCC_WARN_ABOUT_RETURN_TYPE = YES_ERROR;
				GCC_WARN_UNDECLARED_SELECTOR = YES;
				GCC_WARN_UNINITIALIZED_AUTOS = YES_AGGRESSIVE;
				GCC_WARN_UNUSED_FUNCTION = YES;
				GCC_WARN_UNUSED_VARIABLE = YES;
				MACOSX_DEPLOYMENT_TARGET = 10.12;
				MTL_ENABLE_DEBUG_INFO = NO;
				SDKROOT = macosx;
				SWIFT_OPTIMIZATION_LEVEL = "-Owholemodule";
			};
			name = Release;
		};
		8354017B1D972D0E009E193C /* Debug */ = {
			isa = XCBuildConfiguration;
			buildSettings = {
				ASSETCATALOG_COMPILER_APPICON_NAME = AppIcon;
				COMBINE_HIDPI_IMAGES = YES;
				DEVELOPMENT_TEAM = M4KB9BV65V;
				INFOPLIST_FILE = HelloMetal/Info.plist;
				LD_RUNPATH_SEARCH_PATHS = "$(inherited) @executable_path/../Frameworks";
				PRODUCT_BUNDLE_IDENTIFIER = net.warrenmoore.HelloMetal;
				PRODUCT_NAME = "$(TARGET_NAME)";
				SWIFT_VERSION = 3.0;
			};
			name = Debug;
		};
		8354017C1D972D0E009E193C /* Release */ = {
			isa = XCBuildConfiguration;
			buildSettings = {
				ASSETCATALOG_COMPILER_APPICON_NAME = AppIcon;
				COMBINE_HIDPI_IMAGES = YES;
				DEVELOPMENT_TEAM = M4KB9BV65V;
				INFOPLIST_FILE = HelloMetal/Info.plist;
				LD_RUNPATH_SEARCH_PATHS = "$(inherited) @executable_path/../Frameworks";
				PRODUCT_BUNDLE_IDENTIFIER = net.warrenmoore.HelloMetal;
				PRODUCT_NAME = "$(TARGET_NAME)";
				SWIFT_VERSION = 3.0;
			};
			name = Release;
		};
/* End XCBuildConfiguration section */

/* Begin XCConfigurationList section */
		835401641D972D0E009E193C /* Build configuration list for PBXProject "HelloMetal" */ = {
			isa = XCConfigurationList;
			buildConfigurations = (
				835401781D972D0E009E193C /* Debug */,
				835401791D972D0E009E193C /* Release */,
			);
			defaultConfigurationIsVisible = 0;
			defaultConfigurationName = Release;
		};
		8354017A1D972D0E009E193C /* Build configuration list for PBXNativeTarget "HelloMetal" */ = {
			isa = XCConfigurationList;
			buildConfigurations = (
				8354017B1D972D0E009E193C /* Debug */,
				8354017C1D972D0E009E193C /* Release */,
			);
			defaultConfigurationIsVisible = 0;
			defaultConfigurationName = Release;
		};
/* End XCConfigurationList section */
	};
	rootObject = 835401611D972D0E009E193C /* Project object */;
}
